# This file is generated by running "yarn install" inside your project.
# Manual changes might be lost - proceed with caution!

__metadata:
  version: 4

"@nicolo-ribaudo/test-package-auto-release@workspace:packages/test-package-auto-release":
  version: 0.0.0-use.local
  resolution: "@nicolo-ribaudo/test-package-auto-release@workspace:packages/test-package-auto-release"
  languageName: unknown
  linkType: soft

"babel-test@workspace:.":
  version: 0.0.0-use.local
  resolution: "babel-test@workspace:."
  languageName: unknown
  linkType: soft
